
Microsoft Visual Studio Solution File, Format Version 12.00
# Visual Studio Version 16
VisualStudioVersion = 16.0.31129.286
MinimumVisualStudioVersion = 10.0.40219.1
Project("{FAE04EC0-301F-11D3-BF4B-00C04F79EFBC}") = "Cryptography_DES_IvanovA", "Cryptography_DES_IvanovA\Cryptography_DES_IvanovA.csproj", "{B054B601-7E27-4357-8BDD-2512AFBA3203}"
EndProject
Global
	GlobalSection(SolutionConfigurationPlatforms) = preSolution
		Debug|Any CPU = Debug|Any CPU
		Release|Any CPU = Release|Any CPU
	EndGlobalSection
	GlobalSection(ProjectConfigurationPlatforms) = postSolution
		{B054B601-7E27-4357-8BDD-2512AFBA3203}.Debug|Any CPU.ActiveCfg = Debug|Any CPU
		{B054B601-7E27-4357-8BDD-2512AFBA3203}.Debug|Any CPU.Build.0 = Debug|Any CPU
		{B054B601-7E27-4357-8BDD-2512AFBA3203}.Release|Any CPU.ActiveCfg = Release|Any CPU
		{B054B601-7E27-4357-8BDD-2512AFBA3203}.Release|Any CPU.Build.0 = Release|Any CPU
	EndGlobalSection
	GlobalSection(SolutionProperties) = preSolution
		HideSolutionNode = FALSE
	EndGlobalSection
	GlobalSection(ExtensibilityGlobals) = postSolution
		SolutionGuid = {84E8185D-7C25-4B63-8CBA-EA1794677904}
	EndGlobalSection
EndGlobal
